{
  "lockfile_version": "1",
  "packages": {
    "earthly@0.8.6": {
      "last_modified": "2024-03-22T11:26:23Z",
      "resolved": "github:NixOS/nixpkgs/a3ed7406349a9335cb4c2a71369b697cecd9d351#earthly",
      "source": "devbox-search",
      "version": "0.8.6",
      "systems": {
        "aarch64-darwin": {
          "outputs": [
            {
              "name": "out",
              "path": "/nix/store/glkl5l7jpnwvbl6ph7n23gidnq808mzm-earthly-0.8.6",
              "default": true
            }
          ],
          "store_path": "/nix/store/glkl5l7jpnwvbl6ph7n23gidnq808mzm-earthly-0.8.6"
        },
        "aarch64-linux": {
          "outputs": [
            {
              "name": "out",
              "path": "/nix/store/2aw2mc09lj0jca6rmcrfynd0zd99jkyi-earthly-0.8.6",
              "default": true
            }
          ],
          "store_path": "/nix/store/2aw2mc09lj0jca6rmcrfynd0zd99jkyi-earthly-0.8.6"
        },
        "x86_64-darwin": {
          "outputs": [
            {
              "name": "out",
              "path": "/nix/store/visij6j4ys2f38mphbw4p5cn0ql4c1rh-earthly-0.8.6",
              "default": true
            }
          ],
          "store_path": "/nix/store/visij6j4ys2f38mphbw4p5cn0ql4c1rh-earthly-0.8.6"
        },
        "x86_64-linux": {
          "outputs": [
            {
              "name": "out",
              "path": "/nix/store/v8r8x1nww7lcza50w2z98c9kff9kq4sm-earthly-0.8.6",
              "default": true
            }
          ],
          "store_path": "/nix/store/v8r8x1nww7lcza50w2z98c9kff9kq4sm-earthly-0.8.6"
        }
      }
    },
    "trunk-io@1.3.0": {
      "last_modified": "2024-04-02T02:53:36Z",
      "resolved": "github:NixOS/nixpkgs/080a4a27f206d07724b88da096e27ef63401a504#trunk-io",
      "source": "devbox-search",
      "version": "1.3.0",
      "systems": {
        "aarch64-darwin": {
          "outputs": [
            {
              "name": "out",
              "path": "/nix/store/ybyk4q81h7bcwb6dcbha7x8fjxqzvp59-trunk-io-1.3.0",
              "default": true
            }
          ],
          "store_path": "/nix/store/ybyk4q81h7bcwb6dcbha7x8fjxqzvp59-trunk-io-1.3.0"
        },
        "aarch64-linux": {
          "outputs": [
            {
              "name": "out",
              "path": "/nix/store/i53ih7b8ys6klb0wiflvgxbzanqaj5qj-trunk-io-1.3.0",
              "default": true
            }
          ],
          "store_path": "/nix/store/i53ih7b8ys6klb0wiflvgxbzanqaj5qj-trunk-io-1.3.0"
        },
        "x86_64-darwin": {
          "outputs": [
            {
              "name": "out",
              "path": "/nix/store/f2v17bjarjzwz7id8i4fpibij28v6lhf-trunk-io-1.3.0",
              "default": true
            }
          ],
          "store_path": "/nix/store/f2v17bjarjzwz7id8i4fpibij28v6lhf-trunk-io-1.3.0"
        },
        "x86_64-linux": {
          "outputs": [
            {
              "name": "out",
              "path": "/nix/store/i8ma8f2syq00xa6iidv8vxcs8wjyzvl1-trunk-io-1.3.0",
              "default": true
            }
          ],
          "store_path": "/nix/store/i8ma8f2syq00xa6iidv8vxcs8wjyzvl1-trunk-io-1.3.0"
        }
      }
    }
  }
}
