{
  "lockfile_version": "1",
  "packages": {
    "earthly@0.8.16": {
      "last_modified": "2025-07-19T04:40:28Z",
      "resolved": "github:NixOS/nixpkgs/6b4955211758ba47fac850c040a27f23b9b4008f#earthly",
      "source": "devbox-search",
      "version": "0.8.16",
      "systems": {
        "aarch64-darwin": {
          "outputs": [
            {
              "name": "out",
              "path": "/nix/store/g867zkdmn83g4jpfp1mnab3xf5acx8f5-earthly-0.8.16",
              "default": true
            }
          ],
          "store_path": "/nix/store/g867zkdmn83g4jpfp1mnab3xf5acx8f5-earthly-0.8.16"
        },
        "aarch64-linux": {
          "outputs": [
            {
              "name": "out",
              "path": "/nix/store/7lw4v146g0rll4c64m91pc06kcpimbcz-earthly-0.8.16",
              "default": true
            }
          ],
          "store_path": "/nix/store/7lw4v146g0rll4c64m91pc06kcpimbcz-earthly-0.8.16"
        },
        "x86_64-darwin": {
          "outputs": [
            {
              "name": "out",
              "path": "/nix/store/rip5m13xdwv002gbl610kwnxy6w682hm-earthly-0.8.16",
              "default": true
            }
          ],
          "store_path": "/nix/store/rip5m13xdwv002gbl610kwnxy6w682hm-earthly-0.8.16"
        },
        "x86_64-linux": {
          "outputs": [
            {
              "name": "out",
              "path": "/nix/store/wmrlqzxskp35fmbw878va8mpncyfa1rj-earthly-0.8.16",
              "default": true
            }
          ],
          "store_path": "/nix/store/wmrlqzxskp35fmbw878va8mpncyfa1rj-earthly-0.8.16"
        }
      }
    },
    "goss@0.4.6": {
      "last_modified": "2024-03-27T09:47:59Z",
      "resolved": "github:NixOS/nixpkgs/2230a20f2b5a14f2db3d7f13a2dc3c22517e790b#goss",
      "source": "devbox-search",
      "version": "0.4.6",
      "systems": {
        "aarch64-darwin": {
          "outputs": [
            {
              "name": "out",
              "path": "/nix/store/2h4pxr2ldjdm0lzsp66j371gr3fam7rr-goss-0.4.6",
              "default": true
            }
          ],
          "store_path": "/nix/store/2h4pxr2ldjdm0lzsp66j371gr3fam7rr-goss-0.4.6"
        },
        "aarch64-linux": {
          "outputs": [
            {
              "name": "out",
              "path": "/nix/store/dz7adgrz6cwj25xxzgxa3v0w20ypc442-goss-0.4.6",
              "default": true
            }
          ],
          "store_path": "/nix/store/dz7adgrz6cwj25xxzgxa3v0w20ypc442-goss-0.4.6"
        },
        "x86_64-darwin": {
          "outputs": [
            {
              "name": "out",
              "path": "/nix/store/vign7bm78lk35ia95ywhklgldh251kga-goss-0.4.6",
              "default": true
            }
          ],
          "store_path": "/nix/store/vign7bm78lk35ia95ywhklgldh251kga-goss-0.4.6"
        },
        "x86_64-linux": {
          "outputs": [
            {
              "name": "out",
              "path": "/nix/store/25irvi6wxd0pi78x9sk39xvq56kx2p71-goss-0.4.6",
              "default": true
            }
          ],
          "store_path": "/nix/store/25irvi6wxd0pi78x9sk39xvq56kx2p71-goss-0.4.6"
        }
      }
    },
    "trunk-io@1.3.0": {
      "last_modified": "2024-04-02T02:53:36Z",
      "resolved": "github:NixOS/nixpkgs/080a4a27f206d07724b88da096e27ef63401a504#trunk-io",
      "source": "devbox-search",
      "version": "1.3.0",
      "systems": {
        "aarch64-darwin": {
          "outputs": [
            {
              "name": "out",
              "path": "/nix/store/ybyk4q81h7bcwb6dcbha7x8fjxqzvp59-trunk-io-1.3.0",
              "default": true
            }
          ],
          "store_path": "/nix/store/ybyk4q81h7bcwb6dcbha7x8fjxqzvp59-trunk-io-1.3.0"
        },
        "aarch64-linux": {
          "outputs": [
            {
              "name": "out",
              "path": "/nix/store/i53ih7b8ys6klb0wiflvgxbzanqaj5qj-trunk-io-1.3.0",
              "default": true
            }
          ],
          "store_path": "/nix/store/i53ih7b8ys6klb0wiflvgxbzanqaj5qj-trunk-io-1.3.0"
        },
        "x86_64-darwin": {
          "outputs": [
            {
              "name": "out",
              "path": "/nix/store/f2v17bjarjzwz7id8i4fpibij28v6lhf-trunk-io-1.3.0",
              "default": true
            }
          ],
          "store_path": "/nix/store/f2v17bjarjzwz7id8i4fpibij28v6lhf-trunk-io-1.3.0"
        },
        "x86_64-linux": {
          "outputs": [
            {
              "name": "out",
              "path": "/nix/store/i8ma8f2syq00xa6iidv8vxcs8wjyzvl1-trunk-io-1.3.0",
              "default": true
            }
          ],
          "store_path": "/nix/store/i8ma8f2syq00xa6iidv8vxcs8wjyzvl1-trunk-io-1.3.0"
        }
      }
    }
  }
}
