{
  "lockfile_version": "1",
  "packages": {
    "earthly@0.8.6": {
      "last_modified": "2024-04-02T02:53:36Z",
      "resolved": "github:NixOS/nixpkgs/080a4a27f206d07724b88da096e27ef63401a504#earthly",
      "source": "devbox-search",
      "version": "0.8.6",
      "systems": {
        "aarch64-darwin": {
          "outputs": [
            {
              "name": "out",
              "path": "/nix/store/314nl7kh1yrfmyyfrzmnls2w1awrgfxh-earthly-0.8.6",
              "default": true
            }
          ],
          "store_path": "/nix/store/314nl7kh1yrfmyyfrzmnls2w1awrgfxh-earthly-0.8.6"
        },
        "aarch64-linux": {
          "outputs": [
            {
              "name": "out",
              "path": "/nix/store/dn7y28plc3n7iaqk1h27ha6xh95laim6-earthly-0.8.6",
              "default": true
            }
          ],
          "store_path": "/nix/store/dn7y28plc3n7iaqk1h27ha6xh95laim6-earthly-0.8.6"
        },
        "x86_64-darwin": {
          "outputs": [
            {
              "name": "out",
              "path": "/nix/store/lawif1cd0fp4w3p7lvl5q6rx8kpax3p1-earthly-0.8.6",
              "default": true
            }
          ],
          "store_path": "/nix/store/lawif1cd0fp4w3p7lvl5q6rx8kpax3p1-earthly-0.8.6"
        },
        "x86_64-linux": {
          "outputs": [
            {
              "name": "out",
              "path": "/nix/store/niyhvff28z5w8b91mi7iv57dy931ic0k-earthly-0.8.6",
              "default": true
            }
          ],
          "store_path": "/nix/store/niyhvff28z5w8b91mi7iv57dy931ic0k-earthly-0.8.6"
        }
      }
    },
    "github:NixOS/nixpkgs/nixpkgs-unstable": {
      "last_modified": "2025-04-17T05:47:26Z",
      "resolved": "github:NixOS/nixpkgs/ebe4301cbd8f81c4f8d3244b3632338bbeb6d49c?lastModified=1744868846&narHash=sha256-5RJTdUHDmj12Qsv7XOhuospjAjATNiTMElplWnJE9Hs%3D"
    },
    "goss@0.4.6": {
      "last_modified": "2024-05-22T06:18:38Z",
      "resolved": "github:NixOS/nixpkgs/3f316d2a50699a78afe5e77ca486ad553169061e#goss",
      "source": "devbox-search",
      "version": "0.4.6",
      "systems": {
        "aarch64-darwin": {
          "outputs": [
            {
              "name": "out",
              "path": "/nix/store/yb7f4pjafjqcyz7wmwlych2s5bylgpmc-goss-0.4.6",
              "default": true
            }
          ],
          "store_path": "/nix/store/yb7f4pjafjqcyz7wmwlych2s5bylgpmc-goss-0.4.6"
        },
        "aarch64-linux": {
          "outputs": [
            {
              "name": "out",
              "path": "/nix/store/fqkq5wnxw47a97bvy7h2w96a7n29hg1p-goss-0.4.6",
              "default": true
            }
          ],
          "store_path": "/nix/store/fqkq5wnxw47a97bvy7h2w96a7n29hg1p-goss-0.4.6"
        },
        "x86_64-darwin": {
          "outputs": [
            {
              "name": "out",
              "path": "/nix/store/jlg94sd9z2r9cn20wvl562pyzyzm59x7-goss-0.4.6",
              "default": true
            }
          ],
          "store_path": "/nix/store/jlg94sd9z2r9cn20wvl562pyzyzm59x7-goss-0.4.6"
        },
        "x86_64-linux": {
          "outputs": [
            {
              "name": "out",
              "path": "/nix/store/70z9qkj1296a3vc48j2n16fjyg7ym8x8-goss-0.4.6",
              "default": true
            }
          ],
          "store_path": "/nix/store/70z9qkj1296a3vc48j2n16fjyg7ym8x8-goss-0.4.6"
        }
      }
    },
    "trunk-io@1.3.0": {
      "last_modified": "2024-04-02T02:53:36Z",
      "resolved": "github:NixOS/nixpkgs/080a4a27f206d07724b88da096e27ef63401a504#trunk-io",
      "source": "devbox-search",
      "version": "1.3.0",
      "systems": {
        "aarch64-darwin": {
          "outputs": [
            {
              "name": "out",
              "path": "/nix/store/ybyk4q81h7bcwb6dcbha7x8fjxqzvp59-trunk-io-1.3.0",
              "default": true
            }
          ],
          "store_path": "/nix/store/ybyk4q81h7bcwb6dcbha7x8fjxqzvp59-trunk-io-1.3.0"
        },
        "aarch64-linux": {
          "outputs": [
            {
              "name": "out",
              "path": "/nix/store/i53ih7b8ys6klb0wiflvgxbzanqaj5qj-trunk-io-1.3.0",
              "default": true
            }
          ],
          "store_path": "/nix/store/i53ih7b8ys6klb0wiflvgxbzanqaj5qj-trunk-io-1.3.0"
        },
        "x86_64-darwin": {
          "outputs": [
            {
              "name": "out",
              "path": "/nix/store/f2v17bjarjzwz7id8i4fpibij28v6lhf-trunk-io-1.3.0",
              "default": true
            }
          ],
          "store_path": "/nix/store/f2v17bjarjzwz7id8i4fpibij28v6lhf-trunk-io-1.3.0"
        },
        "x86_64-linux": {
          "outputs": [
            {
              "name": "out",
              "path": "/nix/store/i8ma8f2syq00xa6iidv8vxcs8wjyzvl1-trunk-io-1.3.0",
              "default": true
            }
          ],
          "store_path": "/nix/store/i8ma8f2syq00xa6iidv8vxcs8wjyzvl1-trunk-io-1.3.0"
        }
      }
    }
  }
}
